github.com/mmcnicol/message-store v0.0.2 h1:JTOZUCulc1LIHgiFnDLGruzwP2T2SZK3vLRZcGKSM/w=
github.com/mmcnicol/message-store v0.0.2/go.mod h1:PXqsngUBNKwrN0ZzDwCRke8XkyXVPsGn1wLHv1fMF18=
github.com/mmcnicol/message-store v0.0.3 h1:Xa+o9dTK/ko2QsJkgirVfaIIygS9Mm6WLgpF+6aDKlE=
github.com/mmcnicol/message-store v0.0.3/go.mod h1:PXqsngUBNKwrN0ZzDwCRke8XkyXVPsGn1wLHv1fMF18=
